
Microsoft Visual Studio Solution File, Format Version 12.00
# Visual Studio Version 17
VisualStudioVersion = 17.8.34511.84
MinimumVisualStudioVersion = 10.0.40219.1
Project("{FAE04EC0-301F-11D3-BF4B-00C04F79EFBC}") = "Personel Kayit Application", "Personel Kayit Application\Personel Kayit Application.csproj", "{662C6F8A-4A66-4F8C-AB02-BD60A0C6AFE6}"
EndProject
Global
	GlobalSection(SolutionConfigurationPlatforms) = preSolution
		Debug|Any CPU = Debug|Any CPU
		Release|Any CPU = Release|Any CPU
	EndGlobalSection
	GlobalSection(ProjectConfigurationPlatforms) = postSolution
		{662C6F8A-4A66-4F8C-AB02-BD60A0C6AFE6}.Debug|Any CPU.ActiveCfg = Debug|Any CPU
		{662C6F8A-4A66-4F8C-AB02-BD60A0C6AFE6}.Debug|Any CPU.Build.0 = Debug|Any CPU
		{662C6F8A-4A66-4F8C-AB02-BD60A0C6AFE6}.Release|Any CPU.ActiveCfg = Release|Any CPU
		{662C6F8A-4A66-4F8C-AB02-BD60A0C6AFE6}.Release|Any CPU.Build.0 = Release|Any CPU
	EndGlobalSection
	GlobalSection(SolutionProperties) = preSolution
		HideSolutionNode = FALSE
	EndGlobalSection
	GlobalSection(ExtensibilityGlobals) = postSolution
		SolutionGuid = {BB1DA703-8711-42FD-8118-F45CAFACF741}
	EndGlobalSection
EndGlobal
